// !$*UTF8*$!
{
	archiveVersion = 1;
	classes = {
	};
	objectVersion = 50;
	objects = {

/* Begin PBXBuildFile section */
		0E010AC6273D284E00FCE301 /* AppDelegate.swift in Sources */ = {isa = PBXBuildFile; fileRef = 0E010AC5273D284E00FCE301 /* AppDelegate.swift */; };
		0E010AC8273D284E00FCE301 /* SceneDelegate.swift in Sources */ = {isa = PBXBuildFile; fileRef = 0E010AC7273D284E00FCE301 /* SceneDelegate.swift */; };
		0E010ACD273D284E00FCE301 /* Main.storyboard in Resources */ = {isa = PBXBuildFile; fileRef = 0E010ACB273D284E00FCE301 /* Main.storyboard */; };
		0E010ACF273D285800FCE301 /* Assets.xcassets in Resources */ = {isa = PBXBuildFile; fileRef = 0E010ACE273D285800FCE301 /* Assets.xcassets */; };
		0E010AD2273D285800FCE301 /* LaunchScreen.storyboard in Resources */ = {isa = PBXBuildFile; fileRef = 0E010AD0273D285800FCE301 /* LaunchScreen.storyboard */; };
		0E010ADB273D28C400FCE301 /* DataAccess.swift in Sources */ = {isa = PBXBuildFile; fileRef = 0E010ADA273D28C400FCE301 /* DataAccess.swift */; };
		0E010ADE273D2A4B00FCE301 /* UserModel.swift in Sources */ = {isa = PBXBuildFile; fileRef = 0E010ADD273D2A4A00FCE301 /* UserModel.swift */; };
		0E010AE1273D2A6900FCE301 /* UserViewModel.swift in Sources */ = {isa = PBXBuildFile; fileRef = 0E010AE0273D2A6900FCE301 /* UserViewModel.swift */; };
		0E010AE4273D2A8700FCE301 /* UsersTableViewController.swift in Sources */ = {isa = PBXBuildFile; fileRef = 0E010AE3273D2A8700FCE301 /* UsersTableViewController.swift */; };
/* End PBXBuildFile section */

/* Begin PBXFileReference section */
		0E010AC2273D284E00FCE301 /* MVVMPattern.app */ = {isa = PBXFileReference; explicitFileType = wrapper.application; includeInIndex = 0; path = MVVMPattern.app; sourceTree = BUILT_PRODUCTS_DIR; };
		0E010AC5273D284E00FCE301 /* AppDelegate.swift */ = {isa = PBXFileReference; lastKnownFileType = sourcecode.swift; path = AppDelegate.swift; sourceTree = "<group>"; };
		0E010AC7273D284E00FCE301 /* SceneDelegate.swift */ = {isa = PBXFileReference; lastKnownFileType = sourcecode.swift; path = SceneDelegate.swift; sourceTree = "<group>"; };
		0E010ACC273D284E00FCE301 /* Base */ = {isa = PBXFileReference; lastKnownFileType = file.storyboard; name = Base; path = Base.lproj/Main.storyboard; sourceTree = "<group>"; };
		0E010ACE273D285800FCE301 /* Assets.xcassets */ = {isa = PBXFileReference; lastKnownFileType = folder.assetcatalog; path = Assets.xcassets; sourceTree = "<group>"; };
		0E010AD1273D285800FCE301 /* Base */ = {isa = PBXFileReference; lastKnownFileType = file.storyboard; name = Base; path = Base.lproj/LaunchScreen.storyboard; sourceTree = "<group>"; };
		0E010AD3273D285800FCE301 /* Info.plist */ = {isa = PBXFileReference; lastKnownFileType = text.plist.xml; path = Info.plist; sourceTree = "<group>"; };
		0E010ADA273D28C400FCE301 /* DataAccess.swift */ = {isa = PBXFileReference; lastKnownFileType = sourcecode.swift; path = DataAccess.swift; sourceTree = "<group>"; };
		0E010ADD273D2A4A00FCE301 /* UserModel.swift */ = {isa = PBXFileReference; lastKnownFileType = sourcecode.swift; path = UserModel.swift; sourceTree = "<group>"; };
		0E010AE0273D2A6900FCE301 /* UserViewModel.swift */ = {isa = PBXFileReference; lastKnownFileType = sourcecode.swift; path = UserViewModel.swift; sourceTree = "<group>"; };
		0E010AE3273D2A8700FCE301 /* UsersTableViewController.swift */ = {isa = PBXFileReference; lastKnownFileType = sourcecode.swift; path = UsersTableViewController.swift; sourceTree = "<group>"; };
/* End PBXFileReference section */

/* Begin PBXFrameworksBuildPhase section */
		0E010ABF273D284E00FCE301 /* Frameworks */ = {
			isa = PBXFrameworksBuildPhase;
			buildActionMask = 2147483647;
			files = (
			);
			runOnlyForDeploymentPostprocessing = 0;
		};
/* End PBXFrameworksBuildPhase section */

/* Begin PBXGroup section */
		0E010AB9273D284E00FCE301 = {
			isa = PBXGroup;
			children = (
				0E010AC4273D284E00FCE301 /* MVVMPattern */,
				0E010AC3273D284E00FCE301 /* Products */,
			);
			sourceTree = "<group>";
		};
		0E010AC3273D284E00FCE301 /* Products */ = {
			isa = PBXGroup;
			children = (
				0E010AC2273D284E00FCE301 /* MVVMPattern.app */,
			);
			name = Products;
			sourceTree = "<group>";
		};
		0E010AC4273D284E00FCE301 /* MVVMPattern */ = {
			isa = PBXGroup;
			children = (
				0E010AC5273D284E00FCE301 /* AppDelegate.swift */,
				0E010AC7273D284E00FCE301 /* SceneDelegate.swift */,
				0E010ADA273D28C400FCE301 /* DataAccess.swift */,
				0E010AE7273D2AFA00FCE301 /* MVVM */,
				0E010ACB273D284E00FCE301 /* Main.storyboard */,
				0E010ACE273D285800FCE301 /* Assets.xcassets */,
				0E010AD0273D285800FCE301 /* LaunchScreen.storyboard */,
				0E010AD3273D285800FCE301 /* Info.plist */,
			);
			path = MVVMPattern;
			sourceTree = "<group>";
		};
		0E010AE7273D2AFA00FCE301 /* MVVM */ = {
			isa = PBXGroup;
			children = (
				0E010ADD273D2A4A00FCE301 /* UserModel.swift */,
				0E010AE0273D2A6900FCE301 /* UserViewModel.swift */,
				0E010AE3273D2A8700FCE301 /* UsersTableViewController.swift */,
			);
			path = MVVM;
			sourceTree = "<group>";
		};
/* End PBXGroup section */

/* Begin PBXNativeTarget section */
		0E010AC1273D284E00FCE301 /* MVVMPattern */ = {
			isa = PBXNativeTarget;
			buildConfigurationList = 0E010AD6273D285800FCE301 /* Build configuration list for PBXNativeTarget "MVVMPattern" */;
			buildPhases = (
				0E010ABE273D284E00FCE301 /* Sources */,
				0E010ABF273D284E00FCE301 /* Frameworks */,
				0E010AC0273D284E00FCE301 /* Resources */,
			);
			buildRules = (
			);
			dependencies = (
			);
			name = MVVMPattern;
			productName = MVVMPattern;
			productReference = 0E010AC2273D284E00FCE301 /* MVVMPattern.app */;
			productType = "com.apple.product-type.application";
		};
/* End PBXNativeTarget section */

/* Begin PBXProject section */
		0E010ABA273D284E00FCE301 /* Project object */ = {
			isa = PBXProject;
			attributes = {
				LastSwiftUpdateCheck = 1240;
				LastUpgradeCheck = 1240;
				TargetAttributes = {
					0E010AC1273D284E00FCE301 = {
						CreatedOnToolsVersion = 12.4;
					};
				};
			};
			buildConfigurationList = 0E010ABD273D284E00FCE301 /* Build configuration list for PBXProject "MVVMPattern" */;
			compatibilityVersion = "Xcode 9.3";
			developmentRegion = en;
			hasScannedForEncodings = 0;
			knownRegions = (
				en,
				Base,
			);
			mainGroup = 0E010AB9273D284E00FCE301;
			productRefGroup = 0E010AC3273D284E00FCE301 /* Products */;
			projectDirPath = "";
			projectRoot = "";
			targets = (
				0E010AC1273D284E00FCE301 /* MVVMPattern */,
			);
		};
/* End PBXProject section */

/* Begin PBXResourcesBuildPhase section */
		0E010AC0273D284E00FCE301 /* Resources */ = {
			isa = PBXResourcesBuildPhase;
			buildActionMask = 2147483647;
			files = (
				0E010AD2273D285800FCE301 /* LaunchScreen.storyboard in Resources */,
				0E010ACF273D285800FCE301 /* Assets.xcassets in Resources */,
				0E010ACD273D284E00FCE301 /* Main.storyboard in Resources */,
			);
			runOnlyForDeploymentPostprocessing = 0;
		};
/* End PBXResourcesBuildPhase section */

/* Begin PBXSourcesBuildPhase section */
		0E010ABE273D284E00FCE301 /* Sources */ = {
			isa = PBXSourcesBuildPhase;
			buildActionMask = 2147483647;
			files = (
				0E010AE1273D2A6900FCE301 /* UserViewModel.swift in Sources */,
				0E010AC6273D284E00FCE301 /* AppDelegate.swift in Sources */,
				0E010AC8273D284E00FCE301 /* SceneDelegate.swift in Sources */,
				0E010ADE273D2A4B00FCE301 /* UserModel.swift in Sources */,
				0E010AE4273D2A8700FCE301 /* UsersTableViewController.swift in Sources */,
				0E010ADB273D28C400FCE301 /* DataAccess.swift in Sources */,
			);
			runOnlyForDeploymentPostprocessing = 0;
		};
/* End PBXSourcesBuildPhase section */

/* Begin PBXVariantGroup section */
		0E010ACB273D284E00FCE301 /* Main.storyboard */ = {
			isa = PBXVariantGroup;
			children = (
				0E010ACC273D284E00FCE301 /* Base */,
			);
			name = Main.storyboard;
			sourceTree = "<group>";
		};
		0E010AD0273D285800FCE301 /* LaunchScreen.storyboard */ = {
			isa = PBXVariantGroup;
			children = (
				0E010AD1273D285800FCE301 /* Base */,
			);
			name = LaunchScreen.storyboard;
			sourceTree = "<group>";
		};
/* End PBXVariantGroup section */

/* Begin XCBuildConfiguration section */
		0E010AD4273D285800FCE301 /* Debug */ = {
			isa = XCBuildConfiguration;
			buildSettings = {
				ALWAYS_SEARCH_USER_PATHS = NO;
				CLANG_ANALYZER_NONNULL = YES;
				CLANG_ANALYZER_NUMBER_OBJECT_CONVERSION = YES_AGGRESSIVE;
				CLANG_CXX_LANGUAGE_STANDARD = "gnu++14";
				CLANG_CXX_LIBRARY = "libc++";
				CLANG_ENABLE_MODULES = YES;
				CLANG_ENABLE_OBJC_ARC = YES;
				CLANG_ENABLE_OBJC_WEAK = YES;
				CLANG_WARN_BLOCK_CAPTURE_AUTORELEASING = YES;
				CLANG_WARN_BOOL_CONVERSION = YES;
				CLANG_WARN_COMMA = YES;
				CLANG_WARN_CONSTANT_CONVERSION = YES;
				CLANG_WARN_DEPRECATED_OBJC_IMPLEMENTATIONS = YES;
				CLANG_WARN_DIRECT_OBJC_ISA_USAGE = YES_ERROR;
				CLANG_WARN_DOCUMENTATION_COMMENTS = YES;
				CLANG_WARN_EMPTY_BODY = YES;
				CLANG_WARN_ENUM_CONVERSION = YES;
				CLANG_WARN_INFINITE_RECURSION = YES;
				CLANG_WARN_INT_CONVERSION = YES;
				CLANG_WARN_NON_LITERAL_NULL_CONVERSION = YES;
				CLANG_WARN_OBJC_IMPLICIT_RETAIN_SELF = YES;
				CLANG_WARN_OBJC_LITERAL_CONVERSION = YES;
				CLANG_WARN_OBJC_ROOT_CLASS = YES_ERROR;
				CLANG_WARN_QUOTED_INCLUDE_IN_FRAMEWORK_HEADER = YES;
				CLANG_WARN_RANGE_LOOP_ANALYSIS = YES;
				CLANG_WARN_STRICT_PROTOTYPES = YES;
				CLANG_WARN_SUSPICIOUS_MOVE = YES;
				CLANG_WARN_UNGUARDED_AVAILABILITY = YES_AGGRESSIVE;
				CLANG_WARN_UNREACHABLE_CODE = YES;
				CLANG_WARN__DUPLICATE_METHOD_MATCH = YES;
				COPY_PHASE_STRIP = NO;
				DEBUG_INFORMATION_FORMAT = dwarf;
				ENABLE_STRICT_OBJC_MSGSEND = YES;
				ENABLE_TESTABILITY = YES;
				GCC_C_LANGUAGE_STANDARD = gnu11;
				GCC_DYNAMIC_NO_PIC = NO;
				GCC_NO_COMMON_BLOCKS = YES;
				GCC_OPTIMIZATION_LEVEL = 0;
				GCC_PREPROCESSOR_DEFINITIONS = (
					"DEBUG=1",
					"$(inherited)",
				);
				GCC_WARN_64_TO_32_BIT_CONVERSION = YES;
				GCC_WARN_ABOUT_RETURN_TYPE = YES_ERROR;
				GCC_WARN_UNDECLARED_SELECTOR = YES;
				GCC_WARN_UNINITIALIZED_AUTOS = YES_AGGRESSIVE;
				GCC_WARN_UNUSED_FUNCTION = YES;
				GCC_WARN_UNUSED_VARIABLE = YES;
				IPHONEOS_DEPLOYMENT_TARGET = 14.4;
				MTL_ENABLE_DEBUG_INFO = INCLUDE_SOURCE;
				MTL_FAST_MATH = YES;
				ONLY_ACTIVE_ARCH = YES;
				SDKROOT = iphoneos;
				SWIFT_ACTIVE_COMPILATION_CONDITIONS = DEBUG;
				SWIFT_OPTIMIZATION_LEVEL = "-Onone";
			};
			name = Debug;
		};
		0E010AD5273D285800FCE301 /* Release */ = {
			isa = XCBuildConfiguration;
			buildSettings = {
				ALWAYS_SEARCH_USER_PATHS = NO;
				CLANG_ANALYZER_NONNULL = YES;
				CLANG_ANALYZER_NUMBER_OBJECT_CONVERSION = YES_AGGRESSIVE;
				CLANG_CXX_LANGUAGE_STANDARD = "gnu++14";
				CLANG_CXX_LIBRARY = "libc++";
				CLANG_ENABLE_MODULES = YES;
				CLANG_ENABLE_OBJC_ARC = YES;
				CLANG_ENABLE_OBJC_WEAK = YES;
				CLANG_WARN_BLOCK_CAPTURE_AUTORELEASING = YES;
				CLANG_WARN_BOOL_CONVERSION = YES;
				CLANG_WARN_COMMA = YES;
				CLANG_WARN_CONSTANT_CONVERSION = YES;
				CLANG_WARN_DEPRECATED_OBJC_IMPLEMENTATIONS = YES;
				CLANG_WARN_DIRECT_OBJC_ISA_USAGE = YES_ERROR;
				CLANG_WARN_DOCUMENTATION_COMMENTS = YES;
				CLANG_WARN_EMPTY_BODY = YES;
				CLANG_WARN_ENUM_CONVERSION = YES;
				CLANG_WARN_INFINITE_RECURSION = YES;
				CLANG_WARN_INT_CONVERSION = YES;
				CLANG_WARN_NON_LITERAL_NULL_CONVERSION = YES;
				CLANG_WARN_OBJC_IMPLICIT_RETAIN_SELF = YES;
				CLANG_WARN_OBJC_LITERAL_CONVERSION = YES;
				CLANG_WARN_OBJC_ROOT_CLASS = YES_ERROR;
				CLANG_WARN_QUOTED_INCLUDE_IN_FRAMEWORK_HEADER = YES;
				CLANG_WARN_RANGE_LOOP_ANALYSIS = YES;
				CLANG_WARN_STRICT_PROTOTYPES = YES;
				CLANG_WARN_SUSPICIOUS_MOVE = YES;
				CLANG_WARN_UNGUARDED_AVAILABILITY = YES_AGGRESSIVE;
				CLANG_WARN_UNREACHABLE_CODE = YES;
				CLANG_WARN__DUPLICATE_METHOD_MATCH = YES;
				COPY_PHASE_STRIP = NO;
				DEBUG_INFORMATION_FORMAT = "dwarf-with-dsym";
				ENABLE_NS_ASSERTIONS = NO;
				ENABLE_STRICT_OBJC_MSGSEND = YES;
				GCC_C_LANGUAGE_STANDARD = gnu11;
				GCC_NO_COMMON_BLOCKS = YES;
				GCC_WARN_64_TO_32_BIT_CONVERSION = YES;
				GCC_WARN_ABOUT_RETURN_TYPE = YES_ERROR;
				GCC_WARN_UNDECLARED_SELECTOR = YES;
				GCC_WARN_UNINITIALIZED_AUTOS = YES_AGGRESSIVE;
				GCC_WARN_UNUSED_FUNCTION = YES;
				GCC_WARN_UNUSED_VARIABLE = YES;
				IPHONEOS_DEPLOYMENT_TARGET = 14.4;
				MTL_ENABLE_DEBUG_INFO = NO;
				MTL_FAST_MATH = YES;
				SDKROOT = iphoneos;
				SWIFT_COMPILATION_MODE = wholemodule;
				SWIFT_OPTIMIZATION_LEVEL = "-O";
				VALIDATE_PRODUCT = YES;
			};
			name = Release;
		};
		0E010AD7273D285800FCE301 /* Debug */ = {
			isa = XCBuildConfiguration;
			buildSettings = {
				ASSETCATALOG_COMPILER_APPICON_NAME = AppIcon;
				ASSETCATALOG_COMPILER_GLOBAL_ACCENT_COLOR_NAME = AccentColor;
				CODE_SIGN_STYLE = Automatic;
				INFOPLIST_FILE = MVVMPattern/Info.plist;
				LD_RUNPATH_SEARCH_PATHS = (
					"$(inherited)",
					"@executable_path/Frameworks",
				);
				PRODUCT_BUNDLE_IDENTIFIER = TrinhThai.MVVMPattern;
				PRODUCT_NAME = "$(TARGET_NAME)";
				SWIFT_VERSION = 5.0;
				TARGETED_DEVICE_FAMILY = "1,2";
			};
			name = Debug;
		};
		0E010AD8273D285800FCE301 /* Release */ = {
			isa = XCBuildConfiguration;
			buildSettings = {
				ASSETCATALOG_COMPILER_APPICON_NAME = AppIcon;
				ASSETCATALOG_COMPILER_GLOBAL_ACCENT_COLOR_NAME = AccentColor;
				CODE_SIGN_STYLE = Automatic;
				INFOPLIST_FILE = MVVMPattern/Info.plist;
				LD_RUNPATH_SEARCH_PATHS = (
					"$(inherited)",
					"@executable_path/Frameworks",
				);
				PRODUCT_BUNDLE_IDENTIFIER = TrinhThai.MVVMPattern;
				PRODUCT_NAME = "$(TARGET_NAME)";
				SWIFT_VERSION = 5.0;
				TARGETED_DEVICE_FAMILY = "1,2";
			};
			name = Release;
		};
/* End XCBuildConfiguration section */

/* Begin XCConfigurationList section */
		0E010ABD273D284E00FCE301 /* Build configuration list for PBXProject "MVVMPattern" */ = {
			isa = XCConfigurationList;
			buildConfigurations = (
				0E010AD4273D285800FCE301 /* Debug */,
				0E010AD5273D285800FCE301 /* Release */,
			);
			defaultConfigurationIsVisible = 0;
			defaultConfigurationName = Release;
		};
		0E010AD6273D285800FCE301 /* Build configuration list for PBXNativeTarget "MVVMPattern" */ = {
			isa = XCConfigurationList;
			buildConfigurations = (
				0E010AD7273D285800FCE301 /* Debug */,
				0E010AD8273D285800FCE301 /* Release */,
			);
			defaultConfigurationIsVisible = 0;
			defaultConfigurationName = Release;
		};
/* End XCConfigurationList section */
	};
	rootObject = 0E010ABA273D284E00FCE301 /* Project object */;
}
