// !$*UTF8*$!
{
	archiveVersion = 1;
	classes = {
	};
	objectVersion = 50;
	objects = {

/* Begin PBXBuildFile section */
		0EF4770327351E900003D9AD /* AppDelegate.swift in Sources */ = {isa = PBXBuildFile; fileRef = 0EF4770227351E900003D9AD /* AppDelegate.swift */; };
		0EF4770527351E900003D9AD /* SceneDelegate.swift in Sources */ = {isa = PBXBuildFile; fileRef = 0EF4770427351E900003D9AD /* SceneDelegate.swift */; };
		0EF4770727351E900003D9AD /* ViewController.swift in Sources */ = {isa = PBXBuildFile; fileRef = 0EF4770627351E900003D9AD /* ViewController.swift */; };
		0EF4770A27351E900003D9AD /* Main.storyboard in Resources */ = {isa = PBXBuildFile; fileRef = 0EF4770827351E900003D9AD /* Main.storyboard */; };
		0EF4770C27351E9C0003D9AD /* Assets.xcassets in Resources */ = {isa = PBXBuildFile; fileRef = 0EF4770B27351E9C0003D9AD /* Assets.xcassets */; };
		0EF4770F27351E9C0003D9AD /* LaunchScreen.storyboard in Resources */ = {isa = PBXBuildFile; fileRef = 0EF4770D27351E9C0003D9AD /* LaunchScreen.storyboard */; };
		0EF4776C27352CF80003D9AD /* Coordinator.swift in Sources */ = {isa = PBXBuildFile; fileRef = 0EF4776B27352CF80003D9AD /* Coordinator.swift */; };
		0EF4776F27352E2A0003D9AD /* MainCoordinator.swift in Sources */ = {isa = PBXBuildFile; fileRef = 0EF4776E27352E2A0003D9AD /* MainCoordinator.swift */; };
		0EF4777327352F8A0003D9AD /* SecondViewController.swift in Sources */ = {isa = PBXBuildFile; fileRef = 0EF4777227352F8A0003D9AD /* SecondViewController.swift */; };
/* End PBXBuildFile section */

/* Begin PBXFileReference section */
		0EF476FF27351E900003D9AD /* CoordinatorDesignPattern.app */ = {isa = PBXFileReference; explicitFileType = wrapper.application; includeInIndex = 0; path = CoordinatorDesignPattern.app; sourceTree = BUILT_PRODUCTS_DIR; };
		0EF4770227351E900003D9AD /* AppDelegate.swift */ = {isa = PBXFileReference; lastKnownFileType = sourcecode.swift; path = AppDelegate.swift; sourceTree = "<group>"; };
		0EF4770427351E900003D9AD /* SceneDelegate.swift */ = {isa = PBXFileReference; lastKnownFileType = sourcecode.swift; path = SceneDelegate.swift; sourceTree = "<group>"; };
		0EF4770627351E900003D9AD /* ViewController.swift */ = {isa = PBXFileReference; lastKnownFileType = sourcecode.swift; path = ViewController.swift; sourceTree = "<group>"; };
		0EF4770927351E900003D9AD /* Base */ = {isa = PBXFileReference; lastKnownFileType = file.storyboard; name = Base; path = Base.lproj/Main.storyboard; sourceTree = "<group>"; };
		0EF4770B27351E9C0003D9AD /* Assets.xcassets */ = {isa = PBXFileReference; lastKnownFileType = folder.assetcatalog; path = Assets.xcassets; sourceTree = "<group>"; };
		0EF4770E27351E9C0003D9AD /* Base */ = {isa = PBXFileReference; lastKnownFileType = file.storyboard; name = Base; path = Base.lproj/LaunchScreen.storyboard; sourceTree = "<group>"; };
		0EF4771027351E9C0003D9AD /* Info.plist */ = {isa = PBXFileReference; lastKnownFileType = text.plist.xml; path = Info.plist; sourceTree = "<group>"; };
		0EF4776B27352CF80003D9AD /* Coordinator.swift */ = {isa = PBXFileReference; lastKnownFileType = sourcecode.swift; path = Coordinator.swift; sourceTree = "<group>"; };
		0EF4776E27352E2A0003D9AD /* MainCoordinator.swift */ = {isa = PBXFileReference; lastKnownFileType = sourcecode.swift; path = MainCoordinator.swift; sourceTree = "<group>"; };
		0EF4777227352F8A0003D9AD /* SecondViewController.swift */ = {isa = PBXFileReference; lastKnownFileType = sourcecode.swift; path = SecondViewController.swift; sourceTree = "<group>"; };
/* End PBXFileReference section */

/* Begin PBXFrameworksBuildPhase section */
		0EF476FC27351E900003D9AD /* Frameworks */ = {
			isa = PBXFrameworksBuildPhase;
			buildActionMask = 2147483647;
			files = (
			);
			runOnlyForDeploymentPostprocessing = 0;
		};
/* End PBXFrameworksBuildPhase section */

/* Begin PBXGroup section */
		0EF476F627351E900003D9AD = {
			isa = PBXGroup;
			children = (
				0EF4770127351E900003D9AD /* CoordinatorDesignPattern */,
				0EF4770027351E900003D9AD /* Products */,
			);
			sourceTree = "<group>";
		};
		0EF4770027351E900003D9AD /* Products */ = {
			isa = PBXGroup;
			children = (
				0EF476FF27351E900003D9AD /* CoordinatorDesignPattern.app */,
			);
			name = Products;
			sourceTree = "<group>";
		};
		0EF4770127351E900003D9AD /* CoordinatorDesignPattern */ = {
			isa = PBXGroup;
			children = (
				0EF4777127352F5F0003D9AD /* ViewController */,
				0EF4776A27352CDB0003D9AD /* Coordinator */,
				0EF4770227351E900003D9AD /* AppDelegate.swift */,
				0EF4770427351E900003D9AD /* SceneDelegate.swift */,
				0EF4770827351E900003D9AD /* Main.storyboard */,
				0EF4770B27351E9C0003D9AD /* Assets.xcassets */,
				0EF4770D27351E9C0003D9AD /* LaunchScreen.storyboard */,
				0EF4771027351E9C0003D9AD /* Info.plist */,
			);
			path = CoordinatorDesignPattern;
			sourceTree = "<group>";
		};
		0EF4776A27352CDB0003D9AD /* Coordinator */ = {
			isa = PBXGroup;
			children = (
				0EF4776B27352CF80003D9AD /* Coordinator.swift */,
				0EF4776E27352E2A0003D9AD /* MainCoordinator.swift */,
			);
			path = Coordinator;
			sourceTree = "<group>";
		};
		0EF4777127352F5F0003D9AD /* ViewController */ = {
			isa = PBXGroup;
			children = (
				0EF4770627351E900003D9AD /* ViewController.swift */,
				0EF4777227352F8A0003D9AD /* SecondViewController.swift */,
			);
			path = ViewController;
			sourceTree = "<group>";
		};
/* End PBXGroup section */

/* Begin PBXNativeTarget section */
		0EF476FE27351E900003D9AD /* CoordinatorDesignPattern */ = {
			isa = PBXNativeTarget;
			buildConfigurationList = 0EF4771327351E9C0003D9AD /* Build configuration list for PBXNativeTarget "CoordinatorDesignPattern" */;
			buildPhases = (
				0EF476FB27351E900003D9AD /* Sources */,
				0EF476FC27351E900003D9AD /* Frameworks */,
				0EF476FD27351E900003D9AD /* Resources */,
			);
			buildRules = (
			);
			dependencies = (
			);
			name = CoordinatorDesignPattern;
			productName = CoordinatorDesignPattern;
			productReference = 0EF476FF27351E900003D9AD /* CoordinatorDesignPattern.app */;
			productType = "com.apple.product-type.application";
		};
/* End PBXNativeTarget section */

/* Begin PBXProject section */
		0EF476F727351E900003D9AD /* Project object */ = {
			isa = PBXProject;
			attributes = {
				LastSwiftUpdateCheck = 1240;
				LastUpgradeCheck = 1240;
				TargetAttributes = {
					0EF476FE27351E900003D9AD = {
						CreatedOnToolsVersion = 12.4;
					};
				};
			};
			buildConfigurationList = 0EF476FA27351E900003D9AD /* Build configuration list for PBXProject "CoordinatorDesignPattern" */;
			compatibilityVersion = "Xcode 9.3";
			developmentRegion = en;
			hasScannedForEncodings = 0;
			knownRegions = (
				en,
				Base,
			);
			mainGroup = 0EF476F627351E900003D9AD;
			productRefGroup = 0EF4770027351E900003D9AD /* Products */;
			projectDirPath = "";
			projectRoot = "";
			targets = (
				0EF476FE27351E900003D9AD /* CoordinatorDesignPattern */,
			);
		};
/* End PBXProject section */

/* Begin PBXResourcesBuildPhase section */
		0EF476FD27351E900003D9AD /* Resources */ = {
			isa = PBXResourcesBuildPhase;
			buildActionMask = 2147483647;
			files = (
				0EF4770F27351E9C0003D9AD /* LaunchScreen.storyboard in Resources */,
				0EF4770C27351E9C0003D9AD /* Assets.xcassets in Resources */,
				0EF4770A27351E900003D9AD /* Main.storyboard in Resources */,
			);
			runOnlyForDeploymentPostprocessing = 0;
		};
/* End PBXResourcesBuildPhase section */

/* Begin PBXSourcesBuildPhase section */
		0EF476FB27351E900003D9AD /* Sources */ = {
			isa = PBXSourcesBuildPhase;
			buildActionMask = 2147483647;
			files = (
				0EF4777327352F8A0003D9AD /* SecondViewController.swift in Sources */,
				0EF4776C27352CF80003D9AD /* Coordinator.swift in Sources */,
				0EF4770727351E900003D9AD /* ViewController.swift in Sources */,
				0EF4770327351E900003D9AD /* AppDelegate.swift in Sources */,
				0EF4776F27352E2A0003D9AD /* MainCoordinator.swift in Sources */,
				0EF4770527351E900003D9AD /* SceneDelegate.swift in Sources */,
			);
			runOnlyForDeploymentPostprocessing = 0;
		};
/* End PBXSourcesBuildPhase section */

/* Begin PBXVariantGroup section */
		0EF4770827351E900003D9AD /* Main.storyboard */ = {
			isa = PBXVariantGroup;
			children = (
				0EF4770927351E900003D9AD /* Base */,
			);
			name = Main.storyboard;
			sourceTree = "<group>";
		};
		0EF4770D27351E9C0003D9AD /* LaunchScreen.storyboard */ = {
			isa = PBXVariantGroup;
			children = (
				0EF4770E27351E9C0003D9AD /* Base */,
			);
			name = LaunchScreen.storyboard;
			sourceTree = "<group>";
		};
/* End PBXVariantGroup section */

/* Begin XCBuildConfiguration section */
		0EF4771127351E9C0003D9AD /* Debug */ = {
			isa = XCBuildConfiguration;
			buildSettings = {
				ALWAYS_SEARCH_USER_PATHS = NO;
				CLANG_ANALYZER_NONNULL = YES;
				CLANG_ANALYZER_NUMBER_OBJECT_CONVERSION = YES_AGGRESSIVE;
				CLANG_CXX_LANGUAGE_STANDARD = "gnu++14";
				CLANG_CXX_LIBRARY = "libc++";
				CLANG_ENABLE_MODULES = YES;
				CLANG_ENABLE_OBJC_ARC = YES;
				CLANG_ENABLE_OBJC_WEAK = YES;
				CLANG_WARN_BLOCK_CAPTURE_AUTORELEASING = YES;
				CLANG_WARN_BOOL_CONVERSION = YES;
				CLANG_WARN_COMMA = YES;
				CLANG_WARN_CONSTANT_CONVERSION = YES;
				CLANG_WARN_DEPRECATED_OBJC_IMPLEMENTATIONS = YES;
				CLANG_WARN_DIRECT_OBJC_ISA_USAGE = YES_ERROR;
				CLANG_WARN_DOCUMENTATION_COMMENTS = YES;
				CLANG_WARN_EMPTY_BODY = YES;
				CLANG_WARN_ENUM_CONVERSION = YES;
				CLANG_WARN_INFINITE_RECURSION = YES;
				CLANG_WARN_INT_CONVERSION = YES;
				CLANG_WARN_NON_LITERAL_NULL_CONVERSION = YES;
				CLANG_WARN_OBJC_IMPLICIT_RETAIN_SELF = YES;
				CLANG_WARN_OBJC_LITERAL_CONVERSION = YES;
				CLANG_WARN_OBJC_ROOT_CLASS = YES_ERROR;
				CLANG_WARN_QUOTED_INCLUDE_IN_FRAMEWORK_HEADER = YES;
				CLANG_WARN_RANGE_LOOP_ANALYSIS = YES;
				CLANG_WARN_STRICT_PROTOTYPES = YES;
				CLANG_WARN_SUSPICIOUS_MOVE = YES;
				CLANG_WARN_UNGUARDED_AVAILABILITY = YES_AGGRESSIVE;
				CLANG_WARN_UNREACHABLE_CODE = YES;
				CLANG_WARN__DUPLICATE_METHOD_MATCH = YES;
				COPY_PHASE_STRIP = NO;
				DEBUG_INFORMATION_FORMAT = dwarf;
				ENABLE_STRICT_OBJC_MSGSEND = YES;
				ENABLE_TESTABILITY = YES;
				GCC_C_LANGUAGE_STANDARD = gnu11;
				GCC_DYNAMIC_NO_PIC = NO;
				GCC_NO_COMMON_BLOCKS = YES;
				GCC_OPTIMIZATION_LEVEL = 0;
				GCC_PREPROCESSOR_DEFINITIONS = (
					"DEBUG=1",
					"$(inherited)",
				);
				GCC_WARN_64_TO_32_BIT_CONVERSION = YES;
				GCC_WARN_ABOUT_RETURN_TYPE = YES_ERROR;
				GCC_WARN_UNDECLARED_SELECTOR = YES;
				GCC_WARN_UNINITIALIZED_AUTOS = YES_AGGRESSIVE;
				GCC_WARN_UNUSED_FUNCTION = YES;
				GCC_WARN_UNUSED_VARIABLE = YES;
				IPHONEOS_DEPLOYMENT_TARGET = 14.4;
				MTL_ENABLE_DEBUG_INFO = INCLUDE_SOURCE;
				MTL_FAST_MATH = YES;
				ONLY_ACTIVE_ARCH = YES;
				SDKROOT = iphoneos;
				SWIFT_ACTIVE_COMPILATION_CONDITIONS = DEBUG;
				SWIFT_OPTIMIZATION_LEVEL = "-Onone";
			};
			name = Debug;
		};
		0EF4771227351E9C0003D9AD /* Release */ = {
			isa = XCBuildConfiguration;
			buildSettings = {
				ALWAYS_SEARCH_USER_PATHS = NO;
				CLANG_ANALYZER_NONNULL = YES;
				CLANG_ANALYZER_NUMBER_OBJECT_CONVERSION = YES_AGGRESSIVE;
				CLANG_CXX_LANGUAGE_STANDARD = "gnu++14";
				CLANG_CXX_LIBRARY = "libc++";
				CLANG_ENABLE_MODULES = YES;
				CLANG_ENABLE_OBJC_ARC = YES;
				CLANG_ENABLE_OBJC_WEAK = YES;
				CLANG_WARN_BLOCK_CAPTURE_AUTORELEASING = YES;
				CLANG_WARN_BOOL_CONVERSION = YES;
				CLANG_WARN_COMMA = YES;
				CLANG_WARN_CONSTANT_CONVERSION = YES;
				CLANG_WARN_DEPRECATED_OBJC_IMPLEMENTATIONS = YES;
				CLANG_WARN_DIRECT_OBJC_ISA_USAGE = YES_ERROR;
				CLANG_WARN_DOCUMENTATION_COMMENTS = YES;
				CLANG_WARN_EMPTY_BODY = YES;
				CLANG_WARN_ENUM_CONVERSION = YES;
				CLANG_WARN_INFINITE_RECURSION = YES;
				CLANG_WARN_INT_CONVERSION = YES;
				CLANG_WARN_NON_LITERAL_NULL_CONVERSION = YES;
				CLANG_WARN_OBJC_IMPLICIT_RETAIN_SELF = YES;
				CLANG_WARN_OBJC_LITERAL_CONVERSION = YES;
				CLANG_WARN_OBJC_ROOT_CLASS = YES_ERROR;
				CLANG_WARN_QUOTED_INCLUDE_IN_FRAMEWORK_HEADER = YES;
				CLANG_WARN_RANGE_LOOP_ANALYSIS = YES;
				CLANG_WARN_STRICT_PROTOTYPES = YES;
				CLANG_WARN_SUSPICIOUS_MOVE = YES;
				CLANG_WARN_UNGUARDED_AVAILABILITY = YES_AGGRESSIVE;
				CLANG_WARN_UNREACHABLE_CODE = YES;
				CLANG_WARN__DUPLICATE_METHOD_MATCH = YES;
				COPY_PHASE_STRIP = NO;
				DEBUG_INFORMATION_FORMAT = "dwarf-with-dsym";
				ENABLE_NS_ASSERTIONS = NO;
				ENABLE_STRICT_OBJC_MSGSEND = YES;
				GCC_C_LANGUAGE_STANDARD = gnu11;
				GCC_NO_COMMON_BLOCKS = YES;
				GCC_WARN_64_TO_32_BIT_CONVERSION = YES;
				GCC_WARN_ABOUT_RETURN_TYPE = YES_ERROR;
				GCC_WARN_UNDECLARED_SELECTOR = YES;
				GCC_WARN_UNINITIALIZED_AUTOS = YES_AGGRESSIVE;
				GCC_WARN_UNUSED_FUNCTION = YES;
				GCC_WARN_UNUSED_VARIABLE = YES;
				IPHONEOS_DEPLOYMENT_TARGET = 14.4;
				MTL_ENABLE_DEBUG_INFO = NO;
				MTL_FAST_MATH = YES;
				SDKROOT = iphoneos;
				SWIFT_COMPILATION_MODE = wholemodule;
				SWIFT_OPTIMIZATION_LEVEL = "-O";
				VALIDATE_PRODUCT = YES;
			};
			name = Release;
		};
		0EF4771427351E9C0003D9AD /* Debug */ = {
			isa = XCBuildConfiguration;
			buildSettings = {
				ASSETCATALOG_COMPILER_APPICON_NAME = AppIcon;
				ASSETCATALOG_COMPILER_GLOBAL_ACCENT_COLOR_NAME = AccentColor;
				CODE_SIGN_STYLE = Automatic;
				INFOPLIST_FILE = CoordinatorDesignPattern/Info.plist;
				LD_RUNPATH_SEARCH_PATHS = (
					"$(inherited)",
					"@executable_path/Frameworks",
				);
				PRODUCT_BUNDLE_IDENTIFIER = TrinhThai.CoordinatorDesignPattern;
				PRODUCT_NAME = "$(TARGET_NAME)";
				SWIFT_VERSION = 5.0;
				TARGETED_DEVICE_FAMILY = "1,2";
			};
			name = Debug;
		};
		0EF4771527351E9C0003D9AD /* Release */ = {
			isa = XCBuildConfiguration;
			buildSettings = {
				ASSETCATALOG_COMPILER_APPICON_NAME = AppIcon;
				ASSETCATALOG_COMPILER_GLOBAL_ACCENT_COLOR_NAME = AccentColor;
				CODE_SIGN_STYLE = Automatic;
				INFOPLIST_FILE = CoordinatorDesignPattern/Info.plist;
				LD_RUNPATH_SEARCH_PATHS = (
					"$(inherited)",
					"@executable_path/Frameworks",
				);
				PRODUCT_BUNDLE_IDENTIFIER = TrinhThai.CoordinatorDesignPattern;
				PRODUCT_NAME = "$(TARGET_NAME)";
				SWIFT_VERSION = 5.0;
				TARGETED_DEVICE_FAMILY = "1,2";
			};
			name = Release;
		};
/* End XCBuildConfiguration section */

/* Begin XCConfigurationList section */
		0EF476FA27351E900003D9AD /* Build configuration list for PBXProject "CoordinatorDesignPattern" */ = {
			isa = XCConfigurationList;
			buildConfigurations = (
				0EF4771127351E9C0003D9AD /* Debug */,
				0EF4771227351E9C0003D9AD /* Release */,
			);
			defaultConfigurationIsVisible = 0;
			defaultConfigurationName = Release;
		};
		0EF4771327351E9C0003D9AD /* Build configuration list for PBXNativeTarget "CoordinatorDesignPattern" */ = {
			isa = XCConfigurationList;
			buildConfigurations = (
				0EF4771427351E9C0003D9AD /* Debug */,
				0EF4771527351E9C0003D9AD /* Release */,
			);
			defaultConfigurationIsVisible = 0;
			defaultConfigurationName = Release;
		};
/* End XCConfigurationList section */
	};
	rootObject = 0EF476F727351E900003D9AD /* Project object */;
}
